
Microsoft Visual Studio Solution File, Format Version 12.00
# Visual Studio Version 17
VisualStudioVersion = 17.2.32526.322
MinimumVisualStudioVersion = 10.0.40219.1
Project("{9A19103F-16F7-4668-BE54-9A1E7A4F7556}") = "TechnicalTest.Project", "src\TechnicalTest.Project\TechnicalTest.Project.csproj", "{F1FE3458-A5C7-4D0E-A5DB-62E96F5B50F0}"
EndProject
Project("{2150E333-8FDC-42A3-9474-1A3956D46DE8}") = "src", "src", "{B89DDC17-D0CB-48FD-9F99-1417B906634C}"
EndProject
Global
	GlobalSection(SolutionConfigurationPlatforms) = preSolution
		Debug|Any CPU = Debug|Any CPU
		Release|Any CPU = Release|Any CPU
	EndGlobalSection
	GlobalSection(ProjectConfigurationPlatforms) = postSolution
		{F1FE3458-A5C7-4D0E-A5DB-62E96F5B50F0}.Debug|Any CPU.ActiveCfg = Debug|Any CPU
		{F1FE3458-A5C7-4D0E-A5DB-62E96F5B50F0}.Debug|Any CPU.Build.0 = Debug|Any CPU
		{F1FE3458-A5C7-4D0E-A5DB-62E96F5B50F0}.Release|Any CPU.ActiveCfg = Release|Any CPU
		{F1FE3458-A5C7-4D0E-A5DB-62E96F5B50F0}.Release|Any CPU.Build.0 = Release|Any CPU
	EndGlobalSection
	GlobalSection(SolutionProperties) = preSolution
		HideSolutionNode = FALSE
	EndGlobalSection
	GlobalSection(NestedProjects) = preSolution
		{F1FE3458-A5C7-4D0E-A5DB-62E96F5B50F0} = {B89DDC17-D0CB-48FD-9F99-1417B906634C}
	EndGlobalSection
	GlobalSection(ExtensibilityGlobals) = postSolution
		SolutionGuid = {071E5920-A47E-4909-A465-A8AE9D3C45AF}
	EndGlobalSection
EndGlobal
